github.com/lxndrblz/anatole v1.16.2 h1:aJePrXjyrmefaDJlUA8OQfimIFqAm02wp5TZ68+L42c=
github.com/lxndrblz/anatole v1.16.2/go.mod h1:hy61SRyUDKaWw2P+cERt9UPde5guWyVKgtjdzRF5bfI=
github.com/lxndrblz/anatole v1.20.0 h1:PZs5p0TsMvPa09S+V+hBd+PQJPCVAIpVX/EyD1G4msM=
github.com/lxndrblz/anatole v1.20.0/go.mod h1:hy61SRyUDKaWw2P+cERt9UPde5guWyVKgtjdzRF5bfI=
