github.com/lxndrblz/anatole v1.13.0 h1:H3f6kEZJWSPApJyvWSEee6L+rjWY896peMbSFpY9Eks=
github.com/lxndrblz/anatole v1.13.0/go.mod h1:hy61SRyUDKaWw2P+cERt9UPde5guWyVKgtjdzRF5bfI=
github.com/lxndrblz/anatole v1.14.0 h1:YDNcmnt/GCoaSutPbAUhrSFdlHXGWMqK7ivgHsp3MU4=
github.com/lxndrblz/anatole v1.14.0/go.mod h1:hy61SRyUDKaWw2P+cERt9UPde5guWyVKgtjdzRF5bfI=
